<?xml version="1.0" encoding="utf-8"?>
<Project ToolsVersion="4.0" xmlns="http://schemas.microsoft.com/developer/msbuild/2003">
  <ItemGroup>
    <Filter Include="include">
      <UniqueIdentifier>{85948103-0a2c-43c5-9773-01dba63c8a19}</UniqueIdentifier>
    </Filter>
    <Filter Include="src">
      <UniqueIdentifier>{bd1ba66a-1ffb-4d51-a09c-02a8699b419e}</UniqueIdentifier>
    </Filter>
  </ItemGroup>
  <ItemGroup>
    <ClInclude Include="include\GameObjectManager.h">
      <Filter>include</Filter>
    </ClInclude>
    <ClInclude Include="include\GameObjectType.h">
      <Filter>include</Filter>
    </ClInclude>
    <ClInclude Include="include\Grid.h">
      <Filter>include</Filter>
    </ClInclude>
    <ClInclude Include="include\GUISprite.h">
      <Filter>include</Filter>
    </ClInclude>
    <ClInclude Include="include\LuaManager.h">
      <Filter>include</Filter>
    </ClInclude>
    <ClInclude Include="include\Particle.h">
      <Filter>include</Filter>
    </ClInclude>
    <ClInclude Include="include\ParticleEmitter.h">
      <Filter>include</Filter>
    </ClInclude>
    <ClInclude Include="include\ParticleEmitterBlueprint.h">
      <Filter>include</Filter>
    </ClInclude>
    <ClInclude Include="include\ParticleSystem.h">
      <Filter>include</Filter>
    </ClInclude>
    <ClInclude Include="include\PhysicBody.h">
      <Filter>include</Filter>
    </ClInclude>
    <ClInclude Include="include\PhysicManager.h">
      <Filter>include</Filter>
    </ClInclude>
    <ClInclude Include="include\PhysicStates.h">
      <Filter>include</Filter>
    </ClInclude>
    <ClInclude Include="include\Renderer.h">
      <Filter>include</Filter>
    </ClInclude>
    <ClInclude Include="include\ResourceManager.h">
      <Filter>include</Filter>
    </ClInclude>
    <ClInclude Include="include\Settings.h">
      <Filter>include</Filter>
    </ClInclude>
    <ClInclude Include="include\SharedResource.h">
      <Filter>include</Filter>
    </ClInclude>
    <ClInclude Include="include\Sprite.h">
      <Filter>include</Filter>
    </ClInclude>
    <ClInclude Include="include\State.h">
      <Filter>include</Filter>
    </ClInclude>
    <ClInclude Include="include\StateStack.h">
      <Filter>include</Filter>
    </ClInclude>
    <ClInclude Include="include\StateStackProxy.h">
      <Filter>include</Filter>
    </ClInclude>
    <ClInclude Include="include\Text.h">
      <Filter>include</Filter>
    </ClInclude>
    <ClInclude Include="include\Texture.h">
      <Filter>include</Filter>
    </ClInclude>
    <ClInclude Include="include\typedefs.h">
      <Filter>include</Filter>
    </ClInclude>
    <ClInclude Include="include\Animation.h">
      <Filter>include</Filter>
    </ClInclude>
    <ClInclude Include="include\Camera.h">
      <Filter>include</Filter>
    </ClInclude>
    <ClInclude Include="include\DebugDrawer.h">
      <Filter>include</Filter>
    </ClInclude>
    <ClInclude Include="include\Engine.h">
      <Filter>include</Filter>
    </ClInclude>
    <ClInclude Include="include\EngineDebugInfo.h">
      <Filter>include</Filter>
    </ClInclude>
    <ClInclude Include="include\Font.h">
      <Filter>include</Filter>
    </ClInclude>
    <ClInclude Include="include\GameObject.h">
      <Filter>include</Filter>
    </ClInclude>
    <ClInclude Include="include\SDL_Init.h">
      <Filter>include</Filter>
    </ClInclude>
    <ClInclude Include="include\CollisionPoint.h">
      <Filter>include</Filter>
    </ClInclude>
    <ClInclude Include="include\GameObjectTypes.h">
      <Filter>include</Filter>
    </ClInclude>
    <ClInclude Include="include\Helpers.h">
      <Filter>include</Filter>
    </ClInclude>
    <ClInclude Include="include\Visitor.h">
      <Filter>include</Filter>
    </ClInclude>
    <ClInclude Include="include\RenderCommands.h">
      <Filter>include</Filter>
    </ClInclude>
    <ClInclude Include="include\SoundPlayerInterface.h">
      <Filter>include</Filter>
    </ClInclude>
    <ClInclude Include="Variable.h">
      <Filter>include</Filter>
    </ClInclude>
  </ItemGroup>
  <ItemGroup>
    <ClCompile Include="src\GameObjectManager.cpp">
      <Filter>src</Filter>
    </ClCompile>
    <ClCompile Include="src\GameObjectType.cpp">
      <Filter>src</Filter>
    </ClCompile>
    <ClCompile Include="src\Grid.cpp">
      <Filter>src</Filter>
    </ClCompile>
    <ClCompile Include="src\GUISprite.cpp">
      <Filter>src</Filter>
    </ClCompile>
    <ClCompile Include="src\LuaManager.cpp">
      <Filter>src</Filter>
    </ClCompile>
    <ClCompile Include="src\ParticleEmitter.cpp">
      <Filter>src</Filter>
    </ClCompile>
    <ClCompile Include="src\ParticleEmitterBlueprint.cpp">
      <Filter>src</Filter>
    </ClCompile>
    <ClCompile Include="src\ParticleSystem.cpp">
      <Filter>src</Filter>
    </ClCompile>
    <ClCompile Include="src\PhysicBody.cpp">
      <Filter>src</Filter>
    </ClCompile>
    <ClCompile Include="src\PhysicManager.cpp">
      <Filter>src</Filter>
    </ClCompile>
    <ClCompile Include="src\Renderer.cpp">
      <Filter>src</Filter>
    </ClCompile>
    <ClCompile Include="src\ResourceManager.cpp">
      <Filter>src</Filter>
    </ClCompile>
    <ClCompile Include="src\SharedResource.cpp">
      <Filter>src</Filter>
    </ClCompile>
    <ClCompile Include="src\Sprite.cpp">
      <Filter>src</Filter>
    </ClCompile>
    <ClCompile Include="src\State.cpp">
      <Filter>src</Filter>
    </ClCompile>
    <ClCompile Include="src\StateStack.cpp">
      <Filter>src</Filter>
    </ClCompile>
    <ClCompile Include="src\StateStackProxy.cpp">
      <Filter>src</Filter>
    </ClCompile>
    <ClCompile Include="src\Text.cpp">
      <Filter>src</Filter>
    </ClCompile>
    <ClCompile Include="src\Animation.cpp">
      <Filter>src</Filter>
    </ClCompile>
    <ClCompile Include="src\Camera.cpp">
      <Filter>src</Filter>
    </ClCompile>
    <ClCompile Include="src\DebugDrawer.cpp">
      <Filter>src</Filter>
    </ClCompile>
    <ClCompile Include="src\Engine.cpp">
      <Filter>src</Filter>
    </ClCompile>
    <ClCompile Include="src\EngineDebugInfo.cpp">
      <Filter>src</Filter>
    </ClCompile>
    <ClCompile Include="src\GameObject.cpp">
      <Filter>src</Filter>
    </ClCompile>
    <ClCompile Include="src\SDL_Init.cpp">
      <Filter>src</Filter>
    </ClCompile>
    <ClCompile Include="src\Helpers.cpp">
      <Filter>src</Filter>
    </ClCompile>
    <ClCompile Include="src\SoundPlayerInterface.cpp">
      <Filter>src</Filter>
    </ClCompile>
    <ClCompile Include="src\Variable.cpp">
      <Filter>src</Filter>
    </ClCompile>
    <ClCompile Include="src\Settings.cpp">
      <Filter>src</Filter>
    </ClCompile>
  </ItemGroup>
</Project>